
Microsoft Visual Studio Solution File, Format Version 12.00
# Visual Studio 15
VisualStudioVersion = 15.0.28307.1684
MinimumVisualStudioVersion = 10.0.40219.1
Project("{8BC9CEB8-8B4A-11D0-8D11-00A0C91BC942}") = "OpenSSL.3.1", "OpenSSL.3.1.vcxproj", "{B52E15F8-382E-4584-B841-04EB5C7072FC}"
EndProject
Global
	GlobalSection(SolutionConfigurationPlatforms) = preSolution
		Debug|x86 = Debug|x86
		Release|x86 = Release|x86
	EndGlobalSection
	GlobalSection(ProjectConfigurationPlatforms) = postSolution
		{B52E15F8-382E-4584-B841-04EB5C7072FC}.Debug|x86.ActiveCfg = Debug|Win32
		{B52E15F8-382E-4584-B841-04EB5C7072FC}.Debug|x86.Build.0 = Debug|Win32
		{B52E15F8-382E-4584-B841-04EB5C7072FC}.Release|x86.ActiveCfg = Release|Win32
		{B52E15F8-382E-4584-B841-04EB5C7072FC}.Release|x86.Build.0 = Release|Win32
	EndGlobalSection
	GlobalSection(SolutionProperties) = preSolution
		HideSolutionNode = FALSE
	EndGlobalSection
	GlobalSection(ExtensibilityGlobals) = postSolution
		SolutionGuid = {E30C4702-D45A-43AC-BE86-36FC5E61F9C3}
	EndGlobalSection
EndGlobal
