<?xml version="1.0" encoding="utf-8"?>
<Project ToolsVersion="4.0" xmlns="http://schemas.microsoft.com/developer/msbuild/2003">
  <ItemGroup>
    <Filter Include="Source Files">
      <UniqueIdentifier>{4FC737F1-C7A5-4376-A066-2A32D752A2FF}</UniqueIdentifier>
      <Extensions>cpp;c;cc;cxx;def;odl;idl;hpj;bat;asm;asmx</Extensions>
    </Filter>
    <Filter Include="Header Files">
      <UniqueIdentifier>{93995380-89BD-4b04-88EB-625FBE52EBFB}</UniqueIdentifier>
      <Extensions>h;hh;hpp;hxx;hm;inl;inc;ipp;xsd</Extensions>
    </Filter>
    <Filter Include="Resource Files">
      <UniqueIdentifier>{67DA6AB6-F800-4c08-8B7A-83BB121AAD01}</UniqueIdentifier>
      <Extensions>rc;ico;cur;bmp;dlg;rc2;rct;bin;rgs;gif;jpg;jpeg;jpe;resx;tiff;tif;png;wav;mfcribbon-ms</Extensions>
    </Filter>
  </ItemGroup>
  <ItemGroup>
    <ClInclude Include="targetver.h">
      <Filter>Header Files</Filter>
    </ClInclude>
    <ClInclude Include="Resource.h">
      <Filter>Header Files</Filter>
    </ClInclude>
    <ClInclude Include="stdafx.h">
      <Filter>Header Files</Filter>
    </ClInclude>
    <ClInclude Include="MainFrame.h">
      <Filter>Header Files</Filter>
    </ClInclude>
    <ClInclude Include="FtpApp.h">
      <Filter>Header Files</Filter>
    </ClInclude>
    <ClInclude Include="FtpAppDoc.h">
      <Filter>Header Files</Filter>
    </ClInclude>
    <ClInclude Include="FtpAppView.h">
      <Filter>Header Files</Filter>
    </ClInclude>
    <ClInclude Include="..\..\Library\Extras\ExtraResource.h">
      <Filter>Header Files</Filter>
    </ClInclude>
    <ClInclude Include="..\..\Library\Extras\OptionsDlg.h">
      <Filter>Header Files</Filter>
    </ClInclude>
    <ClInclude Include="SiteFiles.h">
      <Filter>Header Files</Filter>
    </ClInclude>
    <ClInclude Include="SiteFtp.h">
      <Filter>Header Files</Filter>
    </ClInclude>
    <ClInclude Include="WebLoginDlg.h">
      <Filter>Header Files</Filter>
    </ClInclude>
    <ClInclude Include="SiteDirs.h">
      <Filter>Header Files</Filter>
    </ClInclude>
    <ClInclude Include="Site.h">
      <Filter>Header Files</Filter>
    </ClInclude>
    <ClInclude Include="SitePickerDlg.h">
      <Filter>Header Files</Filter>
    </ClInclude>
    <ClInclude Include="SiteUpdateDlg.h">
      <Filter>Header Files</Filter>
    </ClInclude>
    <ClInclude Include="Utilities.h">
      <Filter>Header Files</Filter>
    </ClInclude>
    <ClInclude Include="ProgBar.h">
      <Filter>Header Files</Filter>
    </ClInclude>
    <ClInclude Include="..\..\Library\Extras\AboutDlg.h">
      <Filter>Header Files</Filter>
    </ClInclude>
  </ItemGroup>
  <ItemGroup>
    <ClCompile Include="stdafx.cpp">
      <Filter>Source Files</Filter>
    </ClCompile>
    <ClCompile Include="MainFrame.cpp">
      <Filter>Source Files</Filter>
    </ClCompile>
    <ClCompile Include="FtpApp.cpp">
      <Filter>Source Files</Filter>
    </ClCompile>
    <ClCompile Include="FtpAppDoc.cpp">
      <Filter>Source Files</Filter>
    </ClCompile>
    <ClCompile Include="FtpAppView.cpp">
      <Filter>Source Files</Filter>
    </ClCompile>
    <ClCompile Include="..\..\Library\Extras\OptionsDlg.cpp">
      <Filter>Source Files</Filter>
    </ClCompile>
    <ClCompile Include="SiteFiles.cpp">
      <Filter>Source Files</Filter>
    </ClCompile>
    <ClCompile Include="SiteFtp.cpp">
      <Filter>Source Files</Filter>
    </ClCompile>
    <ClCompile Include="WebLoginDlg.cpp">
      <Filter>Source Files</Filter>
    </ClCompile>
    <ClCompile Include="SiteDirs.cpp">
      <Filter>Source Files</Filter>
    </ClCompile>
    <ClCompile Include="Site.cpp">
      <Filter>Source Files</Filter>
    </ClCompile>
    <ClCompile Include="SitePickerDlg.cpp">
      <Filter>Source Files</Filter>
    </ClCompile>
    <ClCompile Include="SiteUpdateDlg.cpp">
      <Filter>Source Files</Filter>
    </ClCompile>
    <ClCompile Include="Utilities.cpp">
      <Filter>Source Files</Filter>
    </ClCompile>
    <ClCompile Include="ProgBar.cpp">
      <Filter>Source Files</Filter>
    </ClCompile>
    <ClCompile Include="..\..\Library\Extras\AboutDlg.cpp">
      <Filter>Source Files</Filter>
    </ClCompile>
  </ItemGroup>
  <ItemGroup>
    <ResourceCompile Include="FtpApp.rc">
      <Filter>Resource Files</Filter>
    </ResourceCompile>
  </ItemGroup>
  <ItemGroup>
    <None Include="..\README.md" />
    <None Include="res\FtpApp.rc2">
      <Filter>Resource Files</Filter>
    </None>
    <None Include="..\..\Library\Extras\Options.rc2">
      <Filter>Resource Files</Filter>
    </None>
    <None Include="C:\Users\rrvt\AppData\Roaming\FtpApp\FtpApp.ini" />
    <None Include="C:\Users\rrvt\AppData\Roaming\FtpApp\ftpBuffer.txt" />
    <None Include="C:\Users\rrvt\AppData\Roaming\FtpApp\swde.csv" />
    <None Include="..\..\Library\Extras\AboutDlg.rc2">
      <Filter>Resource Files</Filter>
    </None>
  </ItemGroup>
  <ItemGroup>
    <Image Include="res\FtpApp.ico">
      <Filter>Resource Files</Filter>
    </Image>
    <Image Include="res\Toolbar15.bmp">
      <Filter>Resource Files</Filter>
    </Image>
  </ItemGroup>
</Project>