
Microsoft Visual Studio Solution File, Format Version 12.00
# Visual Studio 15
VisualStudioVersion = 15.0.28307.1401
MinimumVisualStudioVersion = 10.0.40219.1
Project("{8BC9CEB8-8B4A-11D0-8D11-00A0C91BC942}") = "OpenSSL.3.1", "OpenSSL.3.1.vcxproj", "{92328D7D-D6D1-40CD-AE39-5FCD62B805B3}"
EndProject
Global
	GlobalSection(SolutionConfigurationPlatforms) = preSolution
		Debug|X32 = Debug|X32
		Release|X32 = Release|X32
	EndGlobalSection
	GlobalSection(ProjectConfigurationPlatforms) = postSolution
		{92328D7D-D6D1-40CD-AE39-5FCD62B805B3}.Debug|X32.ActiveCfg = Release|Win32
		{92328D7D-D6D1-40CD-AE39-5FCD62B805B3}.Release|X32.ActiveCfg = Release|Win32
	EndGlobalSection
	GlobalSection(SolutionProperties) = preSolution
		HideSolutionNode = FALSE
	EndGlobalSection
	GlobalSection(ExtensibilityGlobals) = postSolution
		SolutionGuid = {5ADF0CF1-4B3F-4C47-B69A-B1380E28BBAB}
	EndGlobalSection
EndGlobal
